// !$*UTF8*$!
{
	archiveVersion = 1;
	classes = {
	};
	objectVersion = 56;
	objects = {

/* Begin PBXBuildFile section */
		3F10A9EE2AF28FF6004CA18F /* DetailEditView.swift in Sources */ = {isa = PBXBuildFile; fileRef = 3F10A9ED2AF28FF6004CA18F /* DetailEditView.swift */; };
		3F72FB3C2AF0080700ED9A3F /* Theme.swift in Sources */ = {isa = PBXBuildFile; fileRef = 3F72FB3B2AF0080700ED9A3F /* Theme.swift */; };
		3F72FB3E2AF0086100ED9A3F /* DailyScrum.swift in Sources */ = {isa = PBXBuildFile; fileRef = 3F72FB3D2AF0086100ED9A3F /* DailyScrum.swift */; };
		3F72FB402AF008D600ED9A3F /* CardView.swift in Sources */ = {isa = PBXBuildFile; fileRef = 3F72FB3F2AF008D600ED9A3F /* CardView.swift */; };
		3F72FB422AF00A1600ED9A3F /* TrailingIconLabelStyle.swift in Sources */ = {isa = PBXBuildFile; fileRef = 3F72FB412AF00A1600ED9A3F /* TrailingIconLabelStyle.swift */; };
		3F72FB442AF00E4C00ED9A3F /* ScrumsView.swift in Sources */ = {isa = PBXBuildFile; fileRef = 3F72FB432AF00E4C00ED9A3F /* ScrumsView.swift */; };
		3F825BE02AF2ACD4008196D3 /* MeetingHeaderView.swift in Sources */ = {isa = PBXBuildFile; fileRef = 3F825BDF2AF2ACD4008196D3 /* MeetingHeaderView.swift */; };
		3F825BE22AF2AD5C008196D3 /* ScrumTimer.swift in Sources */ = {isa = PBXBuildFile; fileRef = 3F825BE12AF2AD5C008196D3 /* ScrumTimer.swift */; };
		3F825BE82AF2B003008196D3 /* ScrumProgressViewStyle.swift in Sources */ = {isa = PBXBuildFile; fileRef = 3F825BE72AF2B003008196D3 /* ScrumProgressViewStyle.swift */; };
		3F825BEC2AF2B037008196D3 /* MeetingFooterView.swift in Sources */ = {isa = PBXBuildFile; fileRef = 3F825BEB2AF2B037008196D3 /* MeetingFooterView.swift */; };
		3F825BEE2AF2B094008196D3 /* AVPlayer.swift in Sources */ = {isa = PBXBuildFile; fileRef = 3F825BED2AF2B094008196D3 /* AVPlayer.swift */; };
		3F870AD02AF17F1900953F61 /* DetailView.swift in Sources */ = {isa = PBXBuildFile; fileRef = 3F870ACF2AF17F1800953F61 /* DetailView.swift */; };
		3F870AD22AF181C600953F61 /* Attende.swift in Sources */ = {isa = PBXBuildFile; fileRef = 3F870AD12AF181C600953F61 /* Attende.swift */; };
		3FB0FC882AF29A0C002BE08E /* ThemeView.swift in Sources */ = {isa = PBXBuildFile; fileRef = 3FB0FC872AF29A0C002BE08E /* ThemeView.swift */; };
		3FB0FC8A2AF29A47002BE08E /* ThemePicker.swift in Sources */ = {isa = PBXBuildFile; fileRef = 3FB0FC892AF29A47002BE08E /* ThemePicker.swift */; };
		3FFC13C22AEFEAB600045013 /* ScrumdingerApp.swift in Sources */ = {isa = PBXBuildFile; fileRef = 3FFC13C12AEFEAB600045013 /* ScrumdingerApp.swift */; };
		3FFC13C42AEFEAB600045013 /* MeetingView.swift in Sources */ = {isa = PBXBuildFile; fileRef = 3FFC13C32AEFEAB600045013 /* MeetingView.swift */; };
		3FFC13C62AEFEAB800045013 /* Assets.xcassets in Resources */ = {isa = PBXBuildFile; fileRef = 3FFC13C52AEFEAB800045013 /* Assets.xcassets */; };
		3FFC13C92AEFEAB800045013 /* Preview Assets.xcassets in Resources */ = {isa = PBXBuildFile; fileRef = 3FFC13C82AEFEAB800045013 /* Preview Assets.xcassets */; };
/* End PBXBuildFile section */

/* Begin PBXFileReference section */
		3F10A9ED2AF28FF6004CA18F /* DetailEditView.swift */ = {isa = PBXFileReference; lastKnownFileType = sourcecode.swift; path = DetailEditView.swift; sourceTree = "<group>"; };
		3F72FB3B2AF0080700ED9A3F /* Theme.swift */ = {isa = PBXFileReference; lastKnownFileType = sourcecode.swift; path = Theme.swift; sourceTree = "<group>"; };
		3F72FB3D2AF0086100ED9A3F /* DailyScrum.swift */ = {isa = PBXFileReference; lastKnownFileType = sourcecode.swift; path = DailyScrum.swift; sourceTree = "<group>"; };
		3F72FB3F2AF008D600ED9A3F /* CardView.swift */ = {isa = PBXFileReference; lastKnownFileType = sourcecode.swift; path = CardView.swift; sourceTree = "<group>"; };
		3F72FB412AF00A1600ED9A3F /* TrailingIconLabelStyle.swift */ = {isa = PBXFileReference; lastKnownFileType = sourcecode.swift; path = TrailingIconLabelStyle.swift; sourceTree = "<group>"; };
		3F72FB432AF00E4C00ED9A3F /* ScrumsView.swift */ = {isa = PBXFileReference; lastKnownFileType = sourcecode.swift; path = ScrumsView.swift; sourceTree = "<group>"; };
		3F825BDF2AF2ACD4008196D3 /* MeetingHeaderView.swift */ = {isa = PBXFileReference; lastKnownFileType = sourcecode.swift; path = MeetingHeaderView.swift; sourceTree = "<group>"; };
		3F825BE12AF2AD5C008196D3 /* ScrumTimer.swift */ = {isa = PBXFileReference; lastKnownFileType = sourcecode.swift; path = ScrumTimer.swift; sourceTree = "<group>"; };
		3F825BE72AF2B003008196D3 /* ScrumProgressViewStyle.swift */ = {isa = PBXFileReference; lastKnownFileType = sourcecode.swift; path = ScrumProgressViewStyle.swift; sourceTree = "<group>"; };
		3F825BEB2AF2B037008196D3 /* MeetingFooterView.swift */ = {isa = PBXFileReference; lastKnownFileType = sourcecode.swift; path = MeetingFooterView.swift; sourceTree = "<group>"; };
		3F825BED2AF2B094008196D3 /* AVPlayer.swift */ = {isa = PBXFileReference; lastKnownFileType = sourcecode.swift; path = AVPlayer.swift; sourceTree = "<group>"; };
		3F870ACF2AF17F1800953F61 /* DetailView.swift */ = {isa = PBXFileReference; lastKnownFileType = sourcecode.swift; path = DetailView.swift; sourceTree = "<group>"; };
		3F870AD12AF181C600953F61 /* Attende.swift */ = {isa = PBXFileReference; lastKnownFileType = sourcecode.swift; path = Attende.swift; sourceTree = "<group>"; };
		3FB0FC872AF29A0C002BE08E /* ThemeView.swift */ = {isa = PBXFileReference; lastKnownFileType = sourcecode.swift; path = ThemeView.swift; sourceTree = "<group>"; };
		3FB0FC892AF29A47002BE08E /* ThemePicker.swift */ = {isa = PBXFileReference; lastKnownFileType = sourcecode.swift; path = ThemePicker.swift; sourceTree = "<group>"; };
		3FFC13BE2AEFEAB600045013 /* Scrumdinger.app */ = {isa = PBXFileReference; explicitFileType = wrapper.application; includeInIndex = 0; path = Scrumdinger.app; sourceTree = BUILT_PRODUCTS_DIR; };
		3FFC13C12AEFEAB600045013 /* ScrumdingerApp.swift */ = {isa = PBXFileReference; lastKnownFileType = sourcecode.swift; path = ScrumdingerApp.swift; sourceTree = "<group>"; };
		3FFC13C32AEFEAB600045013 /* MeetingView.swift */ = {isa = PBXFileReference; lastKnownFileType = sourcecode.swift; path = MeetingView.swift; sourceTree = "<group>"; };
		3FFC13C52AEFEAB800045013 /* Assets.xcassets */ = {isa = PBXFileReference; lastKnownFileType = folder.assetcatalog; path = Assets.xcassets; sourceTree = "<group>"; };
		3FFC13C82AEFEAB800045013 /* Preview Assets.xcassets */ = {isa = PBXFileReference; lastKnownFileType = folder.assetcatalog; path = "Preview Assets.xcassets"; sourceTree = "<group>"; };
/* End PBXFileReference section */

/* Begin PBXFrameworksBuildPhase section */
		3FFC13BB2AEFEAB600045013 /* Frameworks */ = {
			isa = PBXFrameworksBuildPhase;
			buildActionMask = 2147483647;
			files = (
			);
			runOnlyForDeploymentPostprocessing = 0;
		};
/* End PBXFrameworksBuildPhase section */

/* Begin PBXGroup section */
		3F72FB3A2AF007EA00ED9A3F /* Models */ = {
			isa = PBXGroup;
			children = (
				3F72FB3B2AF0080700ED9A3F /* Theme.swift */,
				3F72FB3D2AF0086100ED9A3F /* DailyScrum.swift */,
				3F72FB412AF00A1600ED9A3F /* TrailingIconLabelStyle.swift */,
				3F870AD12AF181C600953F61 /* Attende.swift */,
				3F825BED2AF2B094008196D3 /* AVPlayer.swift */,
			);
			path = Models;
			sourceTree = "<group>";
		};
		3FFC13B52AEFEAB600045013 = {
			isa = PBXGroup;
			children = (
				3FFC13C02AEFEAB600045013 /* Scrumdinger */,
				3FFC13BF2AEFEAB600045013 /* Products */,
			);
			sourceTree = "<group>";
		};
		3FFC13BF2AEFEAB600045013 /* Products */ = {
			isa = PBXGroup;
			children = (
				3FFC13BE2AEFEAB600045013 /* Scrumdinger.app */,
			);
			name = Products;
			sourceTree = "<group>";
		};
		3FFC13C02AEFEAB600045013 /* Scrumdinger */ = {
			isa = PBXGroup;
			children = (
				3F72FB3A2AF007EA00ED9A3F /* Models */,
				3FFC13C12AEFEAB600045013 /* ScrumdingerApp.swift */,
				3FFC13C32AEFEAB600045013 /* MeetingView.swift */,
				3FFC13C52AEFEAB800045013 /* Assets.xcassets */,
				3FFC13C72AEFEAB800045013 /* Preview Content */,
				3F72FB3F2AF008D600ED9A3F /* CardView.swift */,
				3F72FB432AF00E4C00ED9A3F /* ScrumsView.swift */,
				3F870ACF2AF17F1800953F61 /* DetailView.swift */,
				3F10A9ED2AF28FF6004CA18F /* DetailEditView.swift */,
				3FB0FC872AF29A0C002BE08E /* ThemeView.swift */,
				3FB0FC892AF29A47002BE08E /* ThemePicker.swift */,
				3F825BDF2AF2ACD4008196D3 /* MeetingHeaderView.swift */,
				3F825BE12AF2AD5C008196D3 /* ScrumTimer.swift */,
				3F825BE72AF2B003008196D3 /* ScrumProgressViewStyle.swift */,
				3F825BEB2AF2B037008196D3 /* MeetingFooterView.swift */,
			);
			path = Scrumdinger;
			sourceTree = "<group>";
		};
		3FFC13C72AEFEAB800045013 /* Preview Content */ = {
			isa = PBXGroup;
			children = (
				3FFC13C82AEFEAB800045013 /* Preview Assets.xcassets */,
			);
			path = "Preview Content";
			sourceTree = "<group>";
		};
/* End PBXGroup section */

/* Begin PBXNativeTarget section */
		3FFC13BD2AEFEAB600045013 /* Scrumdinger */ = {
			isa = PBXNativeTarget;
			buildConfigurationList = 3FFC13CC2AEFEAB800045013 /* Build configuration list for PBXNativeTarget "Scrumdinger" */;
			buildPhases = (
				3FFC13BA2AEFEAB600045013 /* Sources */,
				3FFC13BB2AEFEAB600045013 /* Frameworks */,
				3FFC13BC2AEFEAB600045013 /* Resources */,
			);
			buildRules = (
			);
			dependencies = (
			);
			name = Scrumdinger;
			productName = Scrumdinger;
			productReference = 3FFC13BE2AEFEAB600045013 /* Scrumdinger.app */;
			productType = "com.apple.product-type.application";
		};
/* End PBXNativeTarget section */

/* Begin PBXProject section */
		3FFC13B62AEFEAB600045013 /* Project object */ = {
			isa = PBXProject;
			attributes = {
				BuildIndependentTargetsInParallel = 1;
				LastSwiftUpdateCheck = 1500;
				LastUpgradeCheck = 1500;
				TargetAttributes = {
					3FFC13BD2AEFEAB600045013 = {
						CreatedOnToolsVersion = 15.0.1;
					};
				};
			};
			buildConfigurationList = 3FFC13B92AEFEAB600045013 /* Build configuration list for PBXProject "Scrumdinger" */;
			compatibilityVersion = "Xcode 14.0";
			developmentRegion = en;
			hasScannedForEncodings = 0;
			knownRegions = (
				en,
				Base,
			);
			mainGroup = 3FFC13B52AEFEAB600045013;
			productRefGroup = 3FFC13BF2AEFEAB600045013 /* Products */;
			projectDirPath = "";
			projectRoot = "";
			targets = (
				3FFC13BD2AEFEAB600045013 /* Scrumdinger */,
			);
		};
/* End PBXProject section */

/* Begin PBXResourcesBuildPhase section */
		3FFC13BC2AEFEAB600045013 /* Resources */ = {
			isa = PBXResourcesBuildPhase;
			buildActionMask = 2147483647;
			files = (
				3FFC13C92AEFEAB800045013 /* Preview Assets.xcassets in Resources */,
				3FFC13C62AEFEAB800045013 /* Assets.xcassets in Resources */,
			);
			runOnlyForDeploymentPostprocessing = 0;
		};
/* End PBXResourcesBuildPhase section */

/* Begin PBXSourcesBuildPhase section */
		3FFC13BA2AEFEAB600045013 /* Sources */ = {
			isa = PBXSourcesBuildPhase;
			buildActionMask = 2147483647;
			files = (
				3F72FB3E2AF0086100ED9A3F /* DailyScrum.swift in Sources */,
				3FB0FC882AF29A0C002BE08E /* ThemeView.swift in Sources */,
				3F825BE22AF2AD5C008196D3 /* ScrumTimer.swift in Sources */,
				3F870AD02AF17F1900953F61 /* DetailView.swift in Sources */,
				3F72FB422AF00A1600ED9A3F /* TrailingIconLabelStyle.swift in Sources */,
				3F825BEC2AF2B037008196D3 /* MeetingFooterView.swift in Sources */,
				3F72FB3C2AF0080700ED9A3F /* Theme.swift in Sources */,
				3F72FB442AF00E4C00ED9A3F /* ScrumsView.swift in Sources */,
				3F825BE02AF2ACD4008196D3 /* MeetingHeaderView.swift in Sources */,
				3F825BE82AF2B003008196D3 /* ScrumProgressViewStyle.swift in Sources */,
				3F870AD22AF181C600953F61 /* Attende.swift in Sources */,
				3FFC13C42AEFEAB600045013 /* MeetingView.swift in Sources */,
				3F10A9EE2AF28FF6004CA18F /* DetailEditView.swift in Sources */,
				3FB0FC8A2AF29A47002BE08E /* ThemePicker.swift in Sources */,
				3F825BEE2AF2B094008196D3 /* AVPlayer.swift in Sources */,
				3FFC13C22AEFEAB600045013 /* ScrumdingerApp.swift in Sources */,
				3F72FB402AF008D600ED9A3F /* CardView.swift in Sources */,
			);
			runOnlyForDeploymentPostprocessing = 0;
		};
/* End PBXSourcesBuildPhase section */

/* Begin XCBuildConfiguration section */
		3FFC13CA2AEFEAB800045013 /* Debug */ = {
			isa = XCBuildConfiguration;
			buildSettings = {
				ALWAYS_SEARCH_USER_PATHS = NO;
				ASSETCATALOG_COMPILER_GENERATE_SWIFT_ASSET_SYMBOL_EXTENSIONS = YES;
				CLANG_ANALYZER_NONNULL = YES;
				CLANG_ANALYZER_NUMBER_OBJECT_CONVERSION = YES_AGGRESSIVE;
				CLANG_CXX_LANGUAGE_STANDARD = "gnu++20";
				CLANG_ENABLE_MODULES = YES;
				CLANG_ENABLE_OBJC_ARC = YES;
				CLANG_ENABLE_OBJC_WEAK = YES;
				CLANG_WARN_BLOCK_CAPTURE_AUTORELEASING = YES;
				CLANG_WARN_BOOL_CONVERSION = YES;
				CLANG_WARN_COMMA = YES;
				CLANG_WARN_CONSTANT_CONVERSION = YES;
				CLANG_WARN_DEPRECATED_OBJC_IMPLEMENTATIONS = YES;
				CLANG_WARN_DIRECT_OBJC_ISA_USAGE = YES_ERROR;
				CLANG_WARN_DOCUMENTATION_COMMENTS = YES;
				CLANG_WARN_EMPTY_BODY = YES;
				CLANG_WARN_ENUM_CONVERSION = YES;
				CLANG_WARN_INFINITE_RECURSION = YES;
				CLANG_WARN_INT_CONVERSION = YES;
				CLANG_WARN_NON_LITERAL_NULL_CONVERSION = YES;
				CLANG_WARN_OBJC_IMPLICIT_RETAIN_SELF = YES;
				CLANG_WARN_OBJC_LITERAL_CONVERSION = YES;
				CLANG_WARN_OBJC_ROOT_CLASS = YES_ERROR;
				CLANG_WARN_QUOTED_INCLUDE_IN_FRAMEWORK_HEADER = YES;
				CLANG_WARN_RANGE_LOOP_ANALYSIS = YES;
				CLANG_WARN_STRICT_PROTOTYPES = YES;
				CLANG_WARN_SUSPICIOUS_MOVE = YES;
				CLANG_WARN_UNGUARDED_AVAILABILITY = YES_AGGRESSIVE;
				CLANG_WARN_UNREACHABLE_CODE = YES;
				CLANG_WARN__DUPLICATE_METHOD_MATCH = YES;
				COPY_PHASE_STRIP = NO;
				DEBUG_INFORMATION_FORMAT = dwarf;
				ENABLE_STRICT_OBJC_MSGSEND = YES;
				ENABLE_TESTABILITY = YES;
				ENABLE_USER_SCRIPT_SANDBOXING = YES;
				GCC_C_LANGUAGE_STANDARD = gnu17;
				GCC_DYNAMIC_NO_PIC = NO;
				GCC_NO_COMMON_BLOCKS = YES;
				GCC_OPTIMIZATION_LEVEL = 0;
				GCC_PREPROCESSOR_DEFINITIONS = (
					"DEBUG=1",
					"$(inherited)",
				);
				GCC_WARN_64_TO_32_BIT_CONVERSION = YES;
				GCC_WARN_ABOUT_RETURN_TYPE = YES_ERROR;
				GCC_WARN_UNDECLARED_SELECTOR = YES;
				GCC_WARN_UNINITIALIZED_AUTOS = YES_AGGRESSIVE;
				GCC_WARN_UNUSED_FUNCTION = YES;
				GCC_WARN_UNUSED_VARIABLE = YES;
				IPHONEOS_DEPLOYMENT_TARGET = 17.0;
				LOCALIZATION_PREFERS_STRING_CATALOGS = YES;
				MTL_ENABLE_DEBUG_INFO = INCLUDE_SOURCE;
				MTL_FAST_MATH = YES;
				ONLY_ACTIVE_ARCH = YES;
				SDKROOT = iphoneos;
				SWIFT_ACTIVE_COMPILATION_CONDITIONS = "DEBUG $(inherited)";
				SWIFT_OPTIMIZATION_LEVEL = "-Onone";
			};
			name = Debug;
		};
		3FFC13CB2AEFEAB800045013 /* Release */ = {
			isa = XCBuildConfiguration;
			buildSettings = {
				ALWAYS_SEARCH_USER_PATHS = NO;
				ASSETCATALOG_COMPILER_GENERATE_SWIFT_ASSET_SYMBOL_EXTENSIONS = YES;
				CLANG_ANALYZER_NONNULL = YES;
				CLANG_ANALYZER_NUMBER_OBJECT_CONVERSION = YES_AGGRESSIVE;
				CLANG_CXX_LANGUAGE_STANDARD = "gnu++20";
				CLANG_ENABLE_MODULES = YES;
				CLANG_ENABLE_OBJC_ARC = YES;
				CLANG_ENABLE_OBJC_WEAK = YES;
				CLANG_WARN_BLOCK_CAPTURE_AUTORELEASING = YES;
				CLANG_WARN_BOOL_CONVERSION = YES;
				CLANG_WARN_COMMA = YES;
				CLANG_WARN_CONSTANT_CONVERSION = YES;
				CLANG_WARN_DEPRECATED_OBJC_IMPLEMENTATIONS = YES;
				CLANG_WARN_DIRECT_OBJC_ISA_USAGE = YES_ERROR;
				CLANG_WARN_DOCUMENTATION_COMMENTS = YES;
				CLANG_WARN_EMPTY_BODY = YES;
				CLANG_WARN_ENUM_CONVERSION = YES;
				CLANG_WARN_INFINITE_RECURSION = YES;
				CLANG_WARN_INT_CONVERSION = YES;
				CLANG_WARN_NON_LITERAL_NULL_CONVERSION = YES;
				CLANG_WARN_OBJC_IMPLICIT_RETAIN_SELF = YES;
				CLANG_WARN_OBJC_LITERAL_CONVERSION = YES;
				CLANG_WARN_OBJC_ROOT_CLASS = YES_ERROR;
				CLANG_WARN_QUOTED_INCLUDE_IN_FRAMEWORK_HEADER = YES;
				CLANG_WARN_RANGE_LOOP_ANALYSIS = YES;
				CLANG_WARN_STRICT_PROTOTYPES = YES;
				CLANG_WARN_SUSPICIOUS_MOVE = YES;
				CLANG_WARN_UNGUARDED_AVAILABILITY = YES_AGGRESSIVE;
				CLANG_WARN_UNREACHABLE_CODE = YES;
				CLANG_WARN__DUPLICATE_METHOD_MATCH = YES;
				COPY_PHASE_STRIP = NO;
				DEBUG_INFORMATION_FORMAT = "dwarf-with-dsym";
				ENABLE_NS_ASSERTIONS = NO;
				ENABLE_STRICT_OBJC_MSGSEND = YES;
				ENABLE_USER_SCRIPT_SANDBOXING = YES;
				GCC_C_LANGUAGE_STANDARD = gnu17;
				GCC_NO_COMMON_BLOCKS = YES;
				GCC_WARN_64_TO_32_BIT_CONVERSION = YES;
				GCC_WARN_ABOUT_RETURN_TYPE = YES_ERROR;
				GCC_WARN_UNDECLARED_SELECTOR = YES;
				GCC_WARN_UNINITIALIZED_AUTOS = YES_AGGRESSIVE;
				GCC_WARN_UNUSED_FUNCTION = YES;
				GCC_WARN_UNUSED_VARIABLE = YES;
				IPHONEOS_DEPLOYMENT_TARGET = 17.0;
				LOCALIZATION_PREFERS_STRING_CATALOGS = YES;
				MTL_ENABLE_DEBUG_INFO = NO;
				MTL_FAST_MATH = YES;
				SDKROOT = iphoneos;
				SWIFT_COMPILATION_MODE = wholemodule;
				VALIDATE_PRODUCT = YES;
			};
			name = Release;
		};
		3FFC13CD2AEFEAB800045013 /* Debug */ = {
			isa = XCBuildConfiguration;
			buildSettings = {
				ASSETCATALOG_COMPILER_APPICON_NAME = AppIcon;
				ASSETCATALOG_COMPILER_GLOBAL_ACCENT_COLOR_NAME = AccentColor;
				CODE_SIGN_STYLE = Automatic;
				CURRENT_PROJECT_VERSION = 1;
				DEVELOPMENT_ASSET_PATHS = "\"Scrumdinger/Preview Content\"";
				ENABLE_PREVIEWS = YES;
				GENERATE_INFOPLIST_FILE = YES;
				INFOPLIST_KEY_UIApplicationSceneManifest_Generation = YES;
				INFOPLIST_KEY_UIApplicationSupportsIndirectInputEvents = YES;
				INFOPLIST_KEY_UILaunchScreen_Generation = YES;
				INFOPLIST_KEY_UISupportedInterfaceOrientations_iPad = "UIInterfaceOrientationPortrait UIInterfaceOrientationPortraitUpsideDown UIInterfaceOrientationLandscapeLeft UIInterfaceOrientationLandscapeRight";
				INFOPLIST_KEY_UISupportedInterfaceOrientations_iPhone = "UIInterfaceOrientationPortrait UIInterfaceOrientationLandscapeLeft UIInterfaceOrientationLandscapeRight";
				LD_RUNPATH_SEARCH_PATHS = (
					"$(inherited)",
					"@executable_path/Frameworks",
				);
				MARKETING_VERSION = 1.0;
				PRODUCT_BUNDLE_IDENTIFIER = bogdanspbm.Scrumdinger;
				PRODUCT_NAME = "$(TARGET_NAME)";
				SWIFT_EMIT_LOC_STRINGS = YES;
				SWIFT_VERSION = 5.0;
				TARGETED_DEVICE_FAMILY = "1,2";
			};
			name = Debug;
		};
		3FFC13CE2AEFEAB800045013 /* Release */ = {
			isa = XCBuildConfiguration;
			buildSettings = {
				ASSETCATALOG_COMPILER_APPICON_NAME = AppIcon;
				ASSETCATALOG_COMPILER_GLOBAL_ACCENT_COLOR_NAME = AccentColor;
				CODE_SIGN_STYLE = Automatic;
				CURRENT_PROJECT_VERSION = 1;
				DEVELOPMENT_ASSET_PATHS = "\"Scrumdinger/Preview Content\"";
				ENABLE_PREVIEWS = YES;
				GENERATE_INFOPLIST_FILE = YES;
				INFOPLIST_KEY_UIApplicationSceneManifest_Generation = YES;
				INFOPLIST_KEY_UIApplicationSupportsIndirectInputEvents = YES;
				INFOPLIST_KEY_UILaunchScreen_Generation = YES;
				INFOPLIST_KEY_UISupportedInterfaceOrientations_iPad = "UIInterfaceOrientationPortrait UIInterfaceOrientationPortraitUpsideDown UIInterfaceOrientationLandscapeLeft UIInterfaceOrientationLandscapeRight";
				INFOPLIST_KEY_UISupportedInterfaceOrientations_iPhone = "UIInterfaceOrientationPortrait UIInterfaceOrientationLandscapeLeft UIInterfaceOrientationLandscapeRight";
				LD_RUNPATH_SEARCH_PATHS = (
					"$(inherited)",
					"@executable_path/Frameworks",
				);
				MARKETING_VERSION = 1.0;
				PRODUCT_BUNDLE_IDENTIFIER = bogdanspbm.Scrumdinger;
				PRODUCT_NAME = "$(TARGET_NAME)";
				SWIFT_EMIT_LOC_STRINGS = YES;
				SWIFT_VERSION = 5.0;
				TARGETED_DEVICE_FAMILY = "1,2";
			};
			name = Release;
		};
/* End XCBuildConfiguration section */

/* Begin XCConfigurationList section */
		3FFC13B92AEFEAB600045013 /* Build configuration list for PBXProject "Scrumdinger" */ = {
			isa = XCConfigurationList;
			buildConfigurations = (
				3FFC13CA2AEFEAB800045013 /* Debug */,
				3FFC13CB2AEFEAB800045013 /* Release */,
			);
			defaultConfigurationIsVisible = 0;
			defaultConfigurationName = Release;
		};
		3FFC13CC2AEFEAB800045013 /* Build configuration list for PBXNativeTarget "Scrumdinger" */ = {
			isa = XCConfigurationList;
			buildConfigurations = (
				3FFC13CD2AEFEAB800045013 /* Debug */,
				3FFC13CE2AEFEAB800045013 /* Release */,
			);
			defaultConfigurationIsVisible = 0;
			defaultConfigurationName = Release;
		};
/* End XCConfigurationList section */
	};
	rootObject = 3FFC13B62AEFEAB600045013 /* Project object */;
}
